
Microsoft Visual Studio Solution File, Format Version 12.00
# Visual Studio Version 16
VisualStudioVersion = 16.0.35130.168
MinimumVisualStudioVersion = 10.0.40219.1
Project("{FAE04EC0-301F-11D3-BF4B-00C04F79EFBC}") = "project1_dziedzicenie", "project1_dziedzicenie.csproj", "{BA52AD2F-7075-499B-AACD-4E526E0733AB}"
EndProject
Global
	GlobalSection(SolutionConfigurationPlatforms) = preSolution
		Debug|Any CPU = Debug|Any CPU
		Release|Any CPU = Release|Any CPU
	EndGlobalSection
	GlobalSection(ProjectConfigurationPlatforms) = postSolution
		{BA52AD2F-7075-499B-AACD-4E526E0733AB}.Debug|Any CPU.ActiveCfg = Debug|Any CPU
		{BA52AD2F-7075-499B-AACD-4E526E0733AB}.Debug|Any CPU.Build.0 = Debug|Any CPU
		{BA52AD2F-7075-499B-AACD-4E526E0733AB}.Release|Any CPU.ActiveCfg = Release|Any CPU
		{BA52AD2F-7075-499B-AACD-4E526E0733AB}.Release|Any CPU.Build.0 = Release|Any CPU
	EndGlobalSection
	GlobalSection(SolutionProperties) = preSolution
		HideSolutionNode = FALSE
	EndGlobalSection
	GlobalSection(ExtensibilityGlobals) = postSolution
		SolutionGuid = {E2C70A05-786E-482C-B9AB-2B11325216A3}
	EndGlobalSection
EndGlobal
