
Microsoft Visual Studio Solution File, Format Version 12.00
# Visual Studio Version 17
VisualStudioVersion = 17.12.35707.178 d17.12
MinimumVisualStudioVersion = 10.0.40219.1
Project("{FAE04EC0-301F-11D3-BF4B-00C04F79EFBC}") = "_6_1_pola_wlsciwosci", "_6_1_pola_wlsciwosci.csproj", "{FF07C81D-A6B5-4A41-A1F2-A5A54355CEFE}"
EndProject
Global
	GlobalSection(SolutionConfigurationPlatforms) = preSolution
		Debug|Any CPU = Debug|Any CPU
		Release|Any CPU = Release|Any CPU
	EndGlobalSection
	GlobalSection(ProjectConfigurationPlatforms) = postSolution
		{FF07C81D-A6B5-4A41-A1F2-A5A54355CEFE}.Debug|Any CPU.ActiveCfg = Debug|Any CPU
		{FF07C81D-A6B5-4A41-A1F2-A5A54355CEFE}.Debug|Any CPU.Build.0 = Debug|Any CPU
		{FF07C81D-A6B5-4A41-A1F2-A5A54355CEFE}.Release|Any CPU.ActiveCfg = Release|Any CPU
		{FF07C81D-A6B5-4A41-A1F2-A5A54355CEFE}.Release|Any CPU.Build.0 = Release|Any CPU
	EndGlobalSection
	GlobalSection(SolutionProperties) = preSolution
		HideSolutionNode = FALSE
	EndGlobalSection
EndGlobal
