
Microsoft Visual Studio Solution File, Format Version 12.00
# Visual Studio Version 17
VisualStudioVersion = 17.8.34330.188
MinimumVisualStudioVersion = 10.0.40219.1
Project("{FAE04EC0-301F-11D3-BF4B-00C04F79EFBC}") = "_5_2_zdarzenia", "_5_2_zdarzenia.csproj", "{69A9BF72-12A3-4DC0-8C4C-F854FF4B7F19}"
EndProject
Global
	GlobalSection(SolutionConfigurationPlatforms) = preSolution
		Debug|Any CPU = Debug|Any CPU
		Release|Any CPU = Release|Any CPU
	EndGlobalSection
	GlobalSection(ProjectConfigurationPlatforms) = postSolution
		{69A9BF72-12A3-4DC0-8C4C-F854FF4B7F19}.Debug|Any CPU.ActiveCfg = Debug|Any CPU
		{69A9BF72-12A3-4DC0-8C4C-F854FF4B7F19}.Debug|Any CPU.Build.0 = Debug|Any CPU
		{69A9BF72-12A3-4DC0-8C4C-F854FF4B7F19}.Release|Any CPU.ActiveCfg = Release|Any CPU
		{69A9BF72-12A3-4DC0-8C4C-F854FF4B7F19}.Release|Any CPU.Build.0 = Release|Any CPU
	EndGlobalSection
	GlobalSection(SolutionProperties) = preSolution
		HideSolutionNode = FALSE
	EndGlobalSection
	GlobalSection(ExtensibilityGlobals) = postSolution
		SolutionGuid = {86CF4CFC-4D7A-4BCB-8328-B127F1972DC1}
	EndGlobalSection
EndGlobal
