
Microsoft Visual Studio Solution File, Format Version 12.00
# Visual Studio Version 17
VisualStudioVersion = 17.7.34221.43
MinimumVisualStudioVersion = 10.0.40219.1
Project("{FAE04EC0-301F-11D3-BF4B-00C04F79EFBC}") = "project_10", "project_10.csproj", "{673AB889-52A5-43DB-87FD-60FF855D3261}"
EndProject
Global
	GlobalSection(SolutionConfigurationPlatforms) = preSolution
		Debug|Any CPU = Debug|Any CPU
		Release|Any CPU = Release|Any CPU
	EndGlobalSection
	GlobalSection(ProjectConfigurationPlatforms) = postSolution
		{673AB889-52A5-43DB-87FD-60FF855D3261}.Debug|Any CPU.ActiveCfg = Debug|Any CPU
		{673AB889-52A5-43DB-87FD-60FF855D3261}.Debug|Any CPU.Build.0 = Debug|Any CPU
		{673AB889-52A5-43DB-87FD-60FF855D3261}.Release|Any CPU.ActiveCfg = Release|Any CPU
		{673AB889-52A5-43DB-87FD-60FF855D3261}.Release|Any CPU.Build.0 = Release|Any CPU
	EndGlobalSection
	GlobalSection(SolutionProperties) = preSolution
		HideSolutionNode = FALSE
	EndGlobalSection
	GlobalSection(ExtensibilityGlobals) = postSolution
		SolutionGuid = {C3EC6DAA-BCC1-418F-975F-37C78B6171C1}
	EndGlobalSection
EndGlobal
