
Microsoft Visual Studio Solution File, Format Version 12.00
# Visual Studio Version 17
VisualStudioVersion = 17.8.34330.188
MinimumVisualStudioVersion = 10.0.40219.1
Project("{FAE04EC0-301F-11D3-BF4B-00C04F79EFBC}") = "klasy_parking", "klasy_parking\klasy_parking.csproj", "{925C31FC-3FF4-4F29-BE99-CAC1AB16320A}"
EndProject
Global
	GlobalSection(SolutionConfigurationPlatforms) = preSolution
		Debug|Any CPU = Debug|Any CPU
		Release|Any CPU = Release|Any CPU
	EndGlobalSection
	GlobalSection(ProjectConfigurationPlatforms) = postSolution
		{925C31FC-3FF4-4F29-BE99-CAC1AB16320A}.Debug|Any CPU.ActiveCfg = Debug|Any CPU
		{925C31FC-3FF4-4F29-BE99-CAC1AB16320A}.Debug|Any CPU.Build.0 = Debug|Any CPU
		{925C31FC-3FF4-4F29-BE99-CAC1AB16320A}.Release|Any CPU.ActiveCfg = Release|Any CPU
		{925C31FC-3FF4-4F29-BE99-CAC1AB16320A}.Release|Any CPU.Build.0 = Release|Any CPU
	EndGlobalSection
	GlobalSection(SolutionProperties) = preSolution
		HideSolutionNode = FALSE
	EndGlobalSection
	GlobalSection(ExtensibilityGlobals) = postSolution
		SolutionGuid = {42A11E3D-67AC-4499-82A9-CBEA65C67C01}
	EndGlobalSection
EndGlobal
