
Microsoft Visual Studio Solution File, Format Version 12.00
# Visual Studio Version 17
VisualStudioVersion = 17.11.35327.3
MinimumVisualStudioVersion = 10.0.40219.1
Project("{FAE04EC0-301F-11D3-BF4B-00C04F79EFBC}") = "project_dzis", "project_dzis.csproj", "{15F55875-F3E0-4FF9-BB63-7A8813F7A5B9}"
EndProject
Global
	GlobalSection(SolutionConfigurationPlatforms) = preSolution
		Debug|Any CPU = Debug|Any CPU
		Release|Any CPU = Release|Any CPU
	EndGlobalSection
	GlobalSection(ProjectConfigurationPlatforms) = postSolution
		{15F55875-F3E0-4FF9-BB63-7A8813F7A5B9}.Debug|Any CPU.ActiveCfg = Debug|Any CPU
		{15F55875-F3E0-4FF9-BB63-7A8813F7A5B9}.Debug|Any CPU.Build.0 = Debug|Any CPU
		{15F55875-F3E0-4FF9-BB63-7A8813F7A5B9}.Release|Any CPU.ActiveCfg = Release|Any CPU
		{15F55875-F3E0-4FF9-BB63-7A8813F7A5B9}.Release|Any CPU.Build.0 = Release|Any CPU
	EndGlobalSection
	GlobalSection(SolutionProperties) = preSolution
		HideSolutionNode = FALSE
	EndGlobalSection
	GlobalSection(ExtensibilityGlobals) = postSolution
		SolutionGuid = {A51A99AB-BC2C-4099-873A-00AF70B1BEAD}
	EndGlobalSection
EndGlobal
