
Microsoft Visual Studio Solution File, Format Version 12.00
# Visual Studio Version 17
VisualStudioVersion = 17.11.35222.181
MinimumVisualStudioVersion = 10.0.40219.1
Project("{FAE04EC0-301F-11D3-BF4B-00C04F79EFBC}") = "project4_delegaty_powiadomienia_menu", "project4_delegaty_powiadomienia_menu.csproj", "{A6E4F999-DFF5-4590-8303-E28AC6D43A28}"
EndProject
Global
	GlobalSection(SolutionConfigurationPlatforms) = preSolution
		Debug|Any CPU = Debug|Any CPU
		Release|Any CPU = Release|Any CPU
	EndGlobalSection
	GlobalSection(ProjectConfigurationPlatforms) = postSolution
		{A6E4F999-DFF5-4590-8303-E28AC6D43A28}.Debug|Any CPU.ActiveCfg = Debug|Any CPU
		{A6E4F999-DFF5-4590-8303-E28AC6D43A28}.Debug|Any CPU.Build.0 = Debug|Any CPU
		{A6E4F999-DFF5-4590-8303-E28AC6D43A28}.Release|Any CPU.ActiveCfg = Release|Any CPU
		{A6E4F999-DFF5-4590-8303-E28AC6D43A28}.Release|Any CPU.Build.0 = Release|Any CPU
	EndGlobalSection
	GlobalSection(SolutionProperties) = preSolution
		HideSolutionNode = FALSE
	EndGlobalSection
	GlobalSection(ExtensibilityGlobals) = postSolution
		SolutionGuid = {2CE44FEB-3A36-445F-BAFC-21D70FC09B13}
	EndGlobalSection
EndGlobal
