
Microsoft Visual Studio Solution File, Format Version 12.00
# Visual Studio Version 17
VisualStudioVersion = 17.5.33530.505
MinimumVisualStudioVersion = 10.0.40219.1
Project("{FAE04EC0-301F-11D3-BF4B-00C04F79EFBC}") = "project_2_1", "project_2_1.csproj", "{4B65DB52-95D0-4608-9992-F2BECB1DAE6B}"
EndProject
Global
	GlobalSection(SolutionConfigurationPlatforms) = preSolution
		Debug|Any CPU = Debug|Any CPU
		Release|Any CPU = Release|Any CPU
	EndGlobalSection
	GlobalSection(ProjectConfigurationPlatforms) = postSolution
		{4B65DB52-95D0-4608-9992-F2BECB1DAE6B}.Debug|Any CPU.ActiveCfg = Debug|Any CPU
		{4B65DB52-95D0-4608-9992-F2BECB1DAE6B}.Debug|Any CPU.Build.0 = Debug|Any CPU
		{4B65DB52-95D0-4608-9992-F2BECB1DAE6B}.Release|Any CPU.ActiveCfg = Release|Any CPU
		{4B65DB52-95D0-4608-9992-F2BECB1DAE6B}.Release|Any CPU.Build.0 = Release|Any CPU
	EndGlobalSection
	GlobalSection(SolutionProperties) = preSolution
		HideSolutionNode = FALSE
	EndGlobalSection
	GlobalSection(ExtensibilityGlobals) = postSolution
		SolutionGuid = {67401A00-71B1-4CAF-912B-ECBA455502F5}
	EndGlobalSection
EndGlobal
