
Microsoft Visual Studio Solution File, Format Version 12.00
# Visual Studio Version 17
VisualStudioVersion = 17.11.35312.102
MinimumVisualStudioVersion = 10.0.40219.1
Project("{FAE04EC0-301F-11D3-BF4B-00C04F79EFBC}") = "Warsztat", "Warsztat.csproj", "{89BEA796-B4FC-4364-8CB3-DC848D7B136D}"
EndProject
Global
	GlobalSection(SolutionConfigurationPlatforms) = preSolution
		Debug|Any CPU = Debug|Any CPU
		Release|Any CPU = Release|Any CPU
	EndGlobalSection
	GlobalSection(ProjectConfigurationPlatforms) = postSolution
		{89BEA796-B4FC-4364-8CB3-DC848D7B136D}.Debug|Any CPU.ActiveCfg = Debug|Any CPU
		{89BEA796-B4FC-4364-8CB3-DC848D7B136D}.Debug|Any CPU.Build.0 = Debug|Any CPU
		{89BEA796-B4FC-4364-8CB3-DC848D7B136D}.Release|Any CPU.ActiveCfg = Release|Any CPU
		{89BEA796-B4FC-4364-8CB3-DC848D7B136D}.Release|Any CPU.Build.0 = Release|Any CPU
	EndGlobalSection
	GlobalSection(SolutionProperties) = preSolution
		HideSolutionNode = FALSE
	EndGlobalSection
	GlobalSection(ExtensibilityGlobals) = postSolution
		SolutionGuid = {8B2CB4AF-DFFD-4B90-9C10-632493600B5D}
	EndGlobalSection
EndGlobal
